<?xml version="1.0" encoding="UTF-8" standalone="yes" ?>
<CodeBlocks_project_file>
	<FileVersion major="1" minor="6" />
	<Project>
		<Option title="vara 2016 seria 13" />
		<Option pch_mode="2" />
		<Option compiler="gcc" />
		<Build>
			<Target title="Debug">
				<Option output="bin/Debug/vara 2016 seria 13" prefix_auto="1" extension_auto="1" />
				<Option object_output="obj/Debug/" />
				<Option type="1" />
				<Option compiler="gcc" />
				<Compiler>
					<Add option="-g" />
				</Compiler>
			</Target>
			<Target title="Release">
				<Option output="bin/Release/vara 2016 seria 13" prefix_auto="1" extension_auto="1" />
				<Option object_output="obj/Release/" />
				<Option type="1" />
				<Option compiler="gcc" />
				<Compiler>
					<Add option="-O2" />
				</Compiler>
				<Linker>
					<Add option="-s" />
				</Linker>
			</Target>
		</Build>
		<Compiler>
			<Add option="-Wall" />
			<Add option="-fexceptions" />
		</Compiler>
		<Unit filename="ComOnline.cpp" />
		<Unit filename="ComOnline.h" />
		<Unit filename="ComOnlineSpec.cpp" />
		<Unit filename="ComOnlineSpec.h" />
		<Unit filename="ComSpec.cpp" />
		<Unit filename="ComSpec.h" />
		<Unit filename="Comanda.cpp" />
		<Unit filename="Comanda.h" />
		<Unit filename="Manager.cpp" />
		<Unit filename="Manager.h" />
		<Unit filename="Ospatar.cpp" />
		<Unit filename="Ospatar.h" />
		<Unit filename="Produs.cpp" />
		<Unit filename="Produs.h" />
		<Unit filename="Triplet.h" />
		<Unit filename="main.cpp" />
		<Extensions>
			<code_completion />
			<envvars />
			<debugger />
		</Extensions>
	</Project>
</CodeBlocks_project_file>
